
Microsoft Visual Studio Solution File, Format Version 12.00
# Visual Studio Version 17
VisualStudioVersion = 17.3.32825.248
MinimumVisualStudioVersion = 10.0.40219.1
Project("{FAE04EC0-301F-11D3-BF4B-00C04F79EFBC}") = "AniconWeb", "AniconWeb\AniconWeb.csproj", "{C94AA6D8-F091-4A4A-84C2-00E8271B8E78}"
EndProject
Global
	GlobalSection(SolutionConfigurationPlatforms) = preSolution
		Debug|Any CPU = Debug|Any CPU
		Release|Any CPU = Release|Any CPU
	EndGlobalSection
	GlobalSection(ProjectConfigurationPlatforms) = postSolution
		{C94AA6D8-F091-4A4A-84C2-00E8271B8E78}.Debug|Any CPU.ActiveCfg = Debug|Any CPU
		{C94AA6D8-F091-4A4A-84C2-00E8271B8E78}.Debug|Any CPU.Build.0 = Debug|Any CPU
		{C94AA6D8-F091-4A4A-84C2-00E8271B8E78}.Release|Any CPU.ActiveCfg = Release|Any CPU
		{C94AA6D8-F091-4A4A-84C2-00E8271B8E78}.Release|Any CPU.Build.0 = Release|Any CPU
	EndGlobalSection
	GlobalSection(SolutionProperties) = preSolution
		HideSolutionNode = FALSE
	EndGlobalSection
	GlobalSection(ExtensibilityGlobals) = postSolution
		SolutionGuid = {1C125E58-6B13-4116-8C24-2329A2BACA70}
	EndGlobalSection
EndGlobal
